
Microsoft Visual Studio Solution File, Format Version 12.00
# Visual Studio Version 17
VisualStudioVersion = 17.0.31919.166
MinimumVisualStudioVersion = 10.0.40219.1
Project("{8BC9CEB8-8B4A-11D0-8D11-00A0C91BC942}") = "01 函数模板语法", "01 函数模板语法\01 函数模板语法.vcxproj", "{8ED36A11-2FBE-439C-8C19-45A590C20256}"
EndProject
Project("{8BC9CEB8-8B4A-11D0-8D11-00A0C91BC942}") = "02 类模板语法", "..\02 类模板语法\01 类模板语法\01 类模板语法.vcxproj", "{9609B196-659F-41F3-87FF-41FA00701880}"
EndProject
Project("{8BC9CEB8-8B4A-11D0-8D11-00A0C91BC942}") = "03 STL初识", "..\03 STL初识\01 STL初识\01 STL初识.vcxproj", "{142E9401-DF9A-4BCE-9DA5-DF89263D5EC4}"
EndProject
Project("{8BC9CEB8-8B4A-11D0-8D11-00A0C91BC942}") = "04 string容器", "..\04 string容器\01 string容器\01 string容器.vcxproj", "{60245711-61C1-4CE0-9D62-6BBAAE6A61BE}"
EndProject
Project("{8BC9CEB8-8B4A-11D0-8D11-00A0C91BC942}") = "05 vector容器", "..\05 vector容器\01 vector容器\01 vector容器.vcxproj", "{89F938B5-1E6B-418A-8E3D-5BCD41F9F843}"
EndProject
Project("{8BC9CEB8-8B4A-11D0-8D11-00A0C91BC942}") = "06 deque容器", "..\06 deque容器\01 deque容器\01 deque容器.vcxproj", "{07B1143F-DABA-4AB0-BF7A-A146CACCD8F3}"
EndProject
Project("{8BC9CEB8-8B4A-11D0-8D11-00A0C91BC942}") = "07 STL案例-评委打分", "..\07 STL案例-评委打分\STL案例-评委打分\STL案例-评委打分.vcxproj", "{0304F98F-FACB-4FEC-805C-4D6E7D2F9D13}"
EndProject
Project("{8BC9CEB8-8B4A-11D0-8D11-00A0C91BC942}") = "08 stack容器和queue容器", "..\08 stack容器和queue容器\01 stack容器和queue容器\01 stack容器和queue容器.vcxproj", "{BBD11202-DDD0-4F67-BDB1-9B56020CCCE0}"
EndProject
Project("{8BC9CEB8-8B4A-11D0-8D11-00A0C91BC942}") = "09 list容器", "..\09 list容器\01 list容器\01 list容器.vcxproj", "{4FA460AB-7DDF-447D-B4BE-9F31F34F9581}"
EndProject
Project("{8BC9CEB8-8B4A-11D0-8D11-00A0C91BC942}") = "10 set容器", "..\10 set容器\01 set容器\01 set容器.vcxproj", "{08D823F6-CD67-4213-AF3B-D48D50A7C368}"
EndProject
Project("{8BC9CEB8-8B4A-11D0-8D11-00A0C91BC942}") = "11 map容器", "..\11 map容器\map容器\map容器.vcxproj", "{440DF22F-D13E-43D6-9084-334645C1F701}"
EndProject
Project("{8BC9CEB8-8B4A-11D0-8D11-00A0C91BC942}") = "12 STL案例_员工分组", "..\12 STL案例_员工分组\STL案例_员工分组\STL案例_员工分组.vcxproj", "{581EA4F4-F6CF-4C19-92DF-C7D35A5D4FA6}"
EndProject
Project("{8BC9CEB8-8B4A-11D0-8D11-00A0C91BC942}") = "13 函数对象", "..\13 函数对象\01 函数对象\01 函数对象.vcxproj", "{C8A39635-021A-41F1-8D55-E0CA4155AA10}"
EndProject
Project("{8BC9CEB8-8B4A-11D0-8D11-00A0C91BC942}") = "14 常用遍历算法", "..\14 常用遍历算法\01 常用遍历算法\01 常用遍历算法.vcxproj", "{E66B1E2C-91F7-4B8C-9DD4-B32B3898676E}"
EndProject
Project("{8BC9CEB8-8B4A-11D0-8D11-00A0C91BC942}") = "15 常用查找算法", "..\15 常用查找算法\01 常用查找算法\01 常用查找算法.vcxproj", "{E6FAD09F-29D1-4081-820D-9FD0B0BDA8B1}"
EndProject
Project("{8BC9CEB8-8B4A-11D0-8D11-00A0C91BC942}") = "16 常用排序算法", "..\16 常用排序算法\01 常用排序算法\01 常用排序算法.vcxproj", "{AA4952F9-BE3D-49F0-BA07-EDD634884E4F}"
EndProject
Project("{8BC9CEB8-8B4A-11D0-8D11-00A0C91BC942}") = "17 常用拷贝和替换算法", "..\17 常用拷贝和替换算法\01 常用拷贝和替换算法\01 常用拷贝和替换算法.vcxproj", "{BEA6B4CA-5347-4037-8731-5FD5B0BAA28D}"
EndProject
Project("{8BC9CEB8-8B4A-11D0-8D11-00A0C91BC942}") = "18 常用算术生成算法", "..\18 常用算术生成算法\01 常用算术生成算法\01 常用算术生成算法.vcxproj", "{E6243F6A-6638-4643-A994-A4669B2ED5E5}"
EndProject
Project("{8BC9CEB8-8B4A-11D0-8D11-00A0C91BC942}") = "19 常用集合算法", "..\19 常用集合算法\01 常用集合算法\01 常用集合算法.vcxproj", "{B7084273-CFCA-4887-9B16-9375D6B2BDAD}"
EndProject
Global
	GlobalSection(SolutionConfigurationPlatforms) = preSolution
		Debug|x64 = Debug|x64
		Debug|x86 = Debug|x86
		Release|x64 = Release|x64
		Release|x86 = Release|x86
	EndGlobalSection
	GlobalSection(ProjectConfigurationPlatforms) = postSolution
		{8ED36A11-2FBE-439C-8C19-45A590C20256}.Debug|x64.ActiveCfg = Debug|x64
		{8ED36A11-2FBE-439C-8C19-45A590C20256}.Debug|x64.Build.0 = Debug|x64
		{8ED36A11-2FBE-439C-8C19-45A590C20256}.Debug|x86.ActiveCfg = Debug|Win32
		{8ED36A11-2FBE-439C-8C19-45A590C20256}.Debug|x86.Build.0 = Debug|Win32
		{8ED36A11-2FBE-439C-8C19-45A590C20256}.Release|x64.ActiveCfg = Release|x64
		{8ED36A11-2FBE-439C-8C19-45A590C20256}.Release|x64.Build.0 = Release|x64
		{8ED36A11-2FBE-439C-8C19-45A590C20256}.Release|x86.ActiveCfg = Release|Win32
		{8ED36A11-2FBE-439C-8C19-45A590C20256}.Release|x86.Build.0 = Release|Win32
		{9609B196-659F-41F3-87FF-41FA00701880}.Debug|x64.ActiveCfg = Debug|x64
		{9609B196-659F-41F3-87FF-41FA00701880}.Debug|x64.Build.0 = Debug|x64
		{9609B196-659F-41F3-87FF-41FA00701880}.Debug|x86.ActiveCfg = Debug|Win32
		{9609B196-659F-41F3-87FF-41FA00701880}.Debug|x86.Build.0 = Debug|Win32
		{9609B196-659F-41F3-87FF-41FA00701880}.Release|x64.ActiveCfg = Release|x64
		{9609B196-659F-41F3-87FF-41FA00701880}.Release|x64.Build.0 = Release|x64
		{9609B196-659F-41F3-87FF-41FA00701880}.Release|x86.ActiveCfg = Release|Win32
		{9609B196-659F-41F3-87FF-41FA00701880}.Release|x86.Build.0 = Release|Win32
		{142E9401-DF9A-4BCE-9DA5-DF89263D5EC4}.Debug|x64.ActiveCfg = Debug|x64
		{142E9401-DF9A-4BCE-9DA5-DF89263D5EC4}.Debug|x64.Build.0 = Debug|x64
		{142E9401-DF9A-4BCE-9DA5-DF89263D5EC4}.Debug|x86.ActiveCfg = Debug|Win32
		{142E9401-DF9A-4BCE-9DA5-DF89263D5EC4}.Debug|x86.Build.0 = Debug|Win32
		{142E9401-DF9A-4BCE-9DA5-DF89263D5EC4}.Release|x64.ActiveCfg = Release|x64
		{142E9401-DF9A-4BCE-9DA5-DF89263D5EC4}.Release|x64.Build.0 = Release|x64
		{142E9401-DF9A-4BCE-9DA5-DF89263D5EC4}.Release|x86.ActiveCfg = Release|Win32
		{142E9401-DF9A-4BCE-9DA5-DF89263D5EC4}.Release|x86.Build.0 = Release|Win32
		{60245711-61C1-4CE0-9D62-6BBAAE6A61BE}.Debug|x64.ActiveCfg = Debug|x64
		{60245711-61C1-4CE0-9D62-6BBAAE6A61BE}.Debug|x64.Build.0 = Debug|x64
		{60245711-61C1-4CE0-9D62-6BBAAE6A61BE}.Debug|x86.ActiveCfg = Debug|Win32
		{60245711-61C1-4CE0-9D62-6BBAAE6A61BE}.Debug|x86.Build.0 = Debug|Win32
		{60245711-61C1-4CE0-9D62-6BBAAE6A61BE}.Release|x64.ActiveCfg = Release|x64
		{60245711-61C1-4CE0-9D62-6BBAAE6A61BE}.Release|x64.Build.0 = Release|x64
		{60245711-61C1-4CE0-9D62-6BBAAE6A61BE}.Release|x86.ActiveCfg = Release|Win32
		{60245711-61C1-4CE0-9D62-6BBAAE6A61BE}.Release|x86.Build.0 = Release|Win32
		{89F938B5-1E6B-418A-8E3D-5BCD41F9F843}.Debug|x64.ActiveCfg = Debug|x64
		{89F938B5-1E6B-418A-8E3D-5BCD41F9F843}.Debug|x64.Build.0 = Debug|x64
		{89F938B5-1E6B-418A-8E3D-5BCD41F9F843}.Debug|x86.ActiveCfg = Debug|Win32
		{89F938B5-1E6B-418A-8E3D-5BCD41F9F843}.Debug|x86.Build.0 = Debug|Win32
		{89F938B5-1E6B-418A-8E3D-5BCD41F9F843}.Release|x64.ActiveCfg = Release|x64
		{89F938B5-1E6B-418A-8E3D-5BCD41F9F843}.Release|x64.Build.0 = Release|x64
		{89F938B5-1E6B-418A-8E3D-5BCD41F9F843}.Release|x86.ActiveCfg = Release|Win32
		{89F938B5-1E6B-418A-8E3D-5BCD41F9F843}.Release|x86.Build.0 = Release|Win32
		{07B1143F-DABA-4AB0-BF7A-A146CACCD8F3}.Debug|x64.ActiveCfg = Debug|x64
		{07B1143F-DABA-4AB0-BF7A-A146CACCD8F3}.Debug|x64.Build.0 = Debug|x64
		{07B1143F-DABA-4AB0-BF7A-A146CACCD8F3}.Debug|x86.ActiveCfg = Debug|Win32
		{07B1143F-DABA-4AB0-BF7A-A146CACCD8F3}.Debug|x86.Build.0 = Debug|Win32
		{07B1143F-DABA-4AB0-BF7A-A146CACCD8F3}.Release|x64.ActiveCfg = Release|x64
		{07B1143F-DABA-4AB0-BF7A-A146CACCD8F3}.Release|x64.Build.0 = Release|x64
		{07B1143F-DABA-4AB0-BF7A-A146CACCD8F3}.Release|x86.ActiveCfg = Release|Win32
		{07B1143F-DABA-4AB0-BF7A-A146CACCD8F3}.Release|x86.Build.0 = Release|Win32
		{0304F98F-FACB-4FEC-805C-4D6E7D2F9D13}.Debug|x64.ActiveCfg = Debug|x64
		{0304F98F-FACB-4FEC-805C-4D6E7D2F9D13}.Debug|x64.Build.0 = Debug|x64
		{0304F98F-FACB-4FEC-805C-4D6E7D2F9D13}.Debug|x86.ActiveCfg = Debug|Win32
		{0304F98F-FACB-4FEC-805C-4D6E7D2F9D13}.Debug|x86.Build.0 = Debug|Win32
		{0304F98F-FACB-4FEC-805C-4D6E7D2F9D13}.Release|x64.ActiveCfg = Release|x64
		{0304F98F-FACB-4FEC-805C-4D6E7D2F9D13}.Release|x64.Build.0 = Release|x64
		{0304F98F-FACB-4FEC-805C-4D6E7D2F9D13}.Release|x86.ActiveCfg = Release|Win32
		{0304F98F-FACB-4FEC-805C-4D6E7D2F9D13}.Release|x86.Build.0 = Release|Win32
		{BBD11202-DDD0-4F67-BDB1-9B56020CCCE0}.Debug|x64.ActiveCfg = Debug|x64
		{BBD11202-DDD0-4F67-BDB1-9B56020CCCE0}.Debug|x64.Build.0 = Debug|x64
		{BBD11202-DDD0-4F67-BDB1-9B56020CCCE0}.Debug|x86.ActiveCfg = Debug|Win32
		{BBD11202-DDD0-4F67-BDB1-9B56020CCCE0}.Debug|x86.Build.0 = Debug|Win32
		{BBD11202-DDD0-4F67-BDB1-9B56020CCCE0}.Release|x64.ActiveCfg = Release|x64
		{BBD11202-DDD0-4F67-BDB1-9B56020CCCE0}.Release|x64.Build.0 = Release|x64
		{BBD11202-DDD0-4F67-BDB1-9B56020CCCE0}.Release|x86.ActiveCfg = Release|Win32
		{BBD11202-DDD0-4F67-BDB1-9B56020CCCE0}.Release|x86.Build.0 = Release|Win32
		{4FA460AB-7DDF-447D-B4BE-9F31F34F9581}.Debug|x64.ActiveCfg = Debug|x64
		{4FA460AB-7DDF-447D-B4BE-9F31F34F9581}.Debug|x64.Build.0 = Debug|x64
		{4FA460AB-7DDF-447D-B4BE-9F31F34F9581}.Debug|x86.ActiveCfg = Debug|Win32
		{4FA460AB-7DDF-447D-B4BE-9F31F34F9581}.Debug|x86.Build.0 = Debug|Win32
		{4FA460AB-7DDF-447D-B4BE-9F31F34F9581}.Release|x64.ActiveCfg = Release|x64
		{4FA460AB-7DDF-447D-B4BE-9F31F34F9581}.Release|x64.Build.0 = Release|x64
		{4FA460AB-7DDF-447D-B4BE-9F31F34F9581}.Release|x86.ActiveCfg = Release|Win32
		{4FA460AB-7DDF-447D-B4BE-9F31F34F9581}.Release|x86.Build.0 = Release|Win32
		{08D823F6-CD67-4213-AF3B-D48D50A7C368}.Debug|x64.ActiveCfg = Debug|x64
		{08D823F6-CD67-4213-AF3B-D48D50A7C368}.Debug|x64.Build.0 = Debug|x64
		{08D823F6-CD67-4213-AF3B-D48D50A7C368}.Debug|x86.ActiveCfg = Debug|Win32
		{08D823F6-CD67-4213-AF3B-D48D50A7C368}.Debug|x86.Build.0 = Debug|Win32
		{08D823F6-CD67-4213-AF3B-D48D50A7C368}.Release|x64.ActiveCfg = Release|x64
		{08D823F6-CD67-4213-AF3B-D48D50A7C368}.Release|x64.Build.0 = Release|x64
		{08D823F6-CD67-4213-AF3B-D48D50A7C368}.Release|x86.ActiveCfg = Release|Win32
		{08D823F6-CD67-4213-AF3B-D48D50A7C368}.Release|x86.Build.0 = Release|Win32
		{440DF22F-D13E-43D6-9084-334645C1F701}.Debug|x64.ActiveCfg = Debug|x64
		{440DF22F-D13E-43D6-9084-334645C1F701}.Debug|x64.Build.0 = Debug|x64
		{440DF22F-D13E-43D6-9084-334645C1F701}.Debug|x86.ActiveCfg = Debug|Win32
		{440DF22F-D13E-43D6-9084-334645C1F701}.Debug|x86.Build.0 = Debug|Win32
		{440DF22F-D13E-43D6-9084-334645C1F701}.Release|x64.ActiveCfg = Release|x64
		{440DF22F-D13E-43D6-9084-334645C1F701}.Release|x64.Build.0 = Release|x64
		{440DF22F-D13E-43D6-9084-334645C1F701}.Release|x86.ActiveCfg = Release|Win32
		{440DF22F-D13E-43D6-9084-334645C1F701}.Release|x86.Build.0 = Release|Win32
		{581EA4F4-F6CF-4C19-92DF-C7D35A5D4FA6}.Debug|x64.ActiveCfg = Debug|x64
		{581EA4F4-F6CF-4C19-92DF-C7D35A5D4FA6}.Debug|x64.Build.0 = Debug|x64
		{581EA4F4-F6CF-4C19-92DF-C7D35A5D4FA6}.Debug|x86.ActiveCfg = Debug|Win32
		{581EA4F4-F6CF-4C19-92DF-C7D35A5D4FA6}.Debug|x86.Build.0 = Debug|Win32
		{581EA4F4-F6CF-4C19-92DF-C7D35A5D4FA6}.Release|x64.ActiveCfg = Release|x64
		{581EA4F4-F6CF-4C19-92DF-C7D35A5D4FA6}.Release|x64.Build.0 = Release|x64
		{581EA4F4-F6CF-4C19-92DF-C7D35A5D4FA6}.Release|x86.ActiveCfg = Release|Win32
		{581EA4F4-F6CF-4C19-92DF-C7D35A5D4FA6}.Release|x86.Build.0 = Release|Win32
		{C8A39635-021A-41F1-8D55-E0CA4155AA10}.Debug|x64.ActiveCfg = Debug|x64
		{C8A39635-021A-41F1-8D55-E0CA4155AA10}.Debug|x64.Build.0 = Debug|x64
		{C8A39635-021A-41F1-8D55-E0CA4155AA10}.Debug|x86.ActiveCfg = Debug|Win32
		{C8A39635-021A-41F1-8D55-E0CA4155AA10}.Debug|x86.Build.0 = Debug|Win32
		{C8A39635-021A-41F1-8D55-E0CA4155AA10}.Release|x64.ActiveCfg = Release|x64
		{C8A39635-021A-41F1-8D55-E0CA4155AA10}.Release|x64.Build.0 = Release|x64
		{C8A39635-021A-41F1-8D55-E0CA4155AA10}.Release|x86.ActiveCfg = Release|Win32
		{C8A39635-021A-41F1-8D55-E0CA4155AA10}.Release|x86.Build.0 = Release|Win32
		{E66B1E2C-91F7-4B8C-9DD4-B32B3898676E}.Debug|x64.ActiveCfg = Debug|x64
		{E66B1E2C-91F7-4B8C-9DD4-B32B3898676E}.Debug|x64.Build.0 = Debug|x64
		{E66B1E2C-91F7-4B8C-9DD4-B32B3898676E}.Debug|x86.ActiveCfg = Debug|Win32
		{E66B1E2C-91F7-4B8C-9DD4-B32B3898676E}.Debug|x86.Build.0 = Debug|Win32
		{E66B1E2C-91F7-4B8C-9DD4-B32B3898676E}.Release|x64.ActiveCfg = Release|x64
		{E66B1E2C-91F7-4B8C-9DD4-B32B3898676E}.Release|x64.Build.0 = Release|x64
		{E66B1E2C-91F7-4B8C-9DD4-B32B3898676E}.Release|x86.ActiveCfg = Release|Win32
		{E66B1E2C-91F7-4B8C-9DD4-B32B3898676E}.Release|x86.Build.0 = Release|Win32
		{E6FAD09F-29D1-4081-820D-9FD0B0BDA8B1}.Debug|x64.ActiveCfg = Debug|x64
		{E6FAD09F-29D1-4081-820D-9FD0B0BDA8B1}.Debug|x64.Build.0 = Debug|x64
		{E6FAD09F-29D1-4081-820D-9FD0B0BDA8B1}.Debug|x86.ActiveCfg = Debug|Win32
		{E6FAD09F-29D1-4081-820D-9FD0B0BDA8B1}.Debug|x86.Build.0 = Debug|Win32
		{E6FAD09F-29D1-4081-820D-9FD0B0BDA8B1}.Release|x64.ActiveCfg = Release|x64
		{E6FAD09F-29D1-4081-820D-9FD0B0BDA8B1}.Release|x64.Build.0 = Release|x64
		{E6FAD09F-29D1-4081-820D-9FD0B0BDA8B1}.Release|x86.ActiveCfg = Release|Win32
		{E6FAD09F-29D1-4081-820D-9FD0B0BDA8B1}.Release|x86.Build.0 = Release|Win32
		{AA4952F9-BE3D-49F0-BA07-EDD634884E4F}.Debug|x64.ActiveCfg = Debug|x64
		{AA4952F9-BE3D-49F0-BA07-EDD634884E4F}.Debug|x64.Build.0 = Debug|x64
		{AA4952F9-BE3D-49F0-BA07-EDD634884E4F}.Debug|x86.ActiveCfg = Debug|Win32
		{AA4952F9-BE3D-49F0-BA07-EDD634884E4F}.Debug|x86.Build.0 = Debug|Win32
		{AA4952F9-BE3D-49F0-BA07-EDD634884E4F}.Release|x64.ActiveCfg = Release|x64
		{AA4952F9-BE3D-49F0-BA07-EDD634884E4F}.Release|x64.Build.0 = Release|x64
		{AA4952F9-BE3D-49F0-BA07-EDD634884E4F}.Release|x86.ActiveCfg = Release|Win32
		{AA4952F9-BE3D-49F0-BA07-EDD634884E4F}.Release|x86.Build.0 = Release|Win32
		{BEA6B4CA-5347-4037-8731-5FD5B0BAA28D}.Debug|x64.ActiveCfg = Debug|x64
		{BEA6B4CA-5347-4037-8731-5FD5B0BAA28D}.Debug|x64.Build.0 = Debug|x64
		{BEA6B4CA-5347-4037-8731-5FD5B0BAA28D}.Debug|x86.ActiveCfg = Debug|Win32
		{BEA6B4CA-5347-4037-8731-5FD5B0BAA28D}.Debug|x86.Build.0 = Debug|Win32
		{BEA6B4CA-5347-4037-8731-5FD5B0BAA28D}.Release|x64.ActiveCfg = Release|x64
		{BEA6B4CA-5347-4037-8731-5FD5B0BAA28D}.Release|x64.Build.0 = Release|x64
		{BEA6B4CA-5347-4037-8731-5FD5B0BAA28D}.Release|x86.ActiveCfg = Release|Win32
		{BEA6B4CA-5347-4037-8731-5FD5B0BAA28D}.Release|x86.Build.0 = Release|Win32
		{E6243F6A-6638-4643-A994-A4669B2ED5E5}.Debug|x64.ActiveCfg = Debug|x64
		{E6243F6A-6638-4643-A994-A4669B2ED5E5}.Debug|x64.Build.0 = Debug|x64
		{E6243F6A-6638-4643-A994-A4669B2ED5E5}.Debug|x86.ActiveCfg = Debug|Win32
		{E6243F6A-6638-4643-A994-A4669B2ED5E5}.Debug|x86.Build.0 = Debug|Win32
		{E6243F6A-6638-4643-A994-A4669B2ED5E5}.Release|x64.ActiveCfg = Release|x64
		{E6243F6A-6638-4643-A994-A4669B2ED5E5}.Release|x64.Build.0 = Release|x64
		{E6243F6A-6638-4643-A994-A4669B2ED5E5}.Release|x86.ActiveCfg = Release|Win32
		{E6243F6A-6638-4643-A994-A4669B2ED5E5}.Release|x86.Build.0 = Release|Win32
		{B7084273-CFCA-4887-9B16-9375D6B2BDAD}.Debug|x64.ActiveCfg = Debug|x64
		{B7084273-CFCA-4887-9B16-9375D6B2BDAD}.Debug|x64.Build.0 = Debug|x64
		{B7084273-CFCA-4887-9B16-9375D6B2BDAD}.Debug|x86.ActiveCfg = Debug|Win32
		{B7084273-CFCA-4887-9B16-9375D6B2BDAD}.Debug|x86.Build.0 = Debug|Win32
		{B7084273-CFCA-4887-9B16-9375D6B2BDAD}.Release|x64.ActiveCfg = Release|x64
		{B7084273-CFCA-4887-9B16-9375D6B2BDAD}.Release|x64.Build.0 = Release|x64
		{B7084273-CFCA-4887-9B16-9375D6B2BDAD}.Release|x86.ActiveCfg = Release|Win32
		{B7084273-CFCA-4887-9B16-9375D6B2BDAD}.Release|x86.Build.0 = Release|Win32
	EndGlobalSection
	GlobalSection(SolutionProperties) = preSolution
		HideSolutionNode = FALSE
	EndGlobalSection
	GlobalSection(ExtensibilityGlobals) = postSolution
		SolutionGuid = {DBE78457-6E39-4EBE-8D9A-0FADEDF6F5D3}
	EndGlobalSection
EndGlobal
