
Microsoft Visual Studio Solution File, Format Version 12.00
# Visual Studio Version 17
VisualStudioVersion = 17.0.31919.166
MinimumVisualStudioVersion = 10.0.40219.1
Project("{8BC9CEB8-8B4A-11D0-8D11-00A0C91BC942}") = "01.基础语法", "01.基础语法\01.基础语法.vcxproj", "{0A8B6373-862B-4FB9-A601-7FBD69B0451E}"
EndProject
Project("{8BC9CEB8-8B4A-11D0-8D11-00A0C91BC942}") = "HelloWord", "..\..\..\菜鸟教程\Day_01\HelloWord\HelloWord\HelloWord.vcxproj", "{B07BB88D-15A6-4A72-9963-5533F1FB0FE4}"
EndProject
Project("{8BC9CEB8-8B4A-11D0-8D11-00A0C91BC942}") = "变量", "..\..\..\菜鸟教程\Day_01\变量\02.变量\02.变量.vcxproj", "{1B70A875-25F8-4C72-998F-35EDFB6F803E}"
EndProject
Project("{8BC9CEB8-8B4A-11D0-8D11-00A0C91BC942}") = "静态变量", "..\..\..\菜鸟教程\Day_01\静态变量\03.静态变量\03.静态变量.vcxproj", "{C47314E0-2D00-45C8-BD93-C0135DA63FC0}"
EndProject
Project("{8BC9CEB8-8B4A-11D0-8D11-00A0C91BC942}") = "面积", "..\..\..\菜鸟教程\Day_01\求面积\04.面积\04.面积.vcxproj", "{127D3EB8-E872-4EA5-9AB6-DE9554C835BB}"
EndProject
Project("{8BC9CEB8-8B4A-11D0-8D11-00A0C91BC942}") = "02.算法案例", "02.算法案例\02.算法案例.vcxproj", "{275A93B9-A567-46B0-8305-DDDBE9655C4A}"
EndProject
Project("{8BC9CEB8-8B4A-11D0-8D11-00A0C91BC942}") = "03.函数的分文件编写", "03.函数的分文件编写\03.函数的分文件编写.vcxproj", "{1B648BCC-D3F2-482E-949A-BF078B74C701}"
EndProject
Project("{8BC9CEB8-8B4A-11D0-8D11-00A0C91BC942}") = "04.指针", "04.指针\04.指针.vcxproj", "{6C4B8A73-5172-4C4A-8379-40F7FDB66A76}"
EndProject
Project("{8BC9CEB8-8B4A-11D0-8D11-00A0C91BC942}") = "05.结构体", "05.结构体\05.结构体.vcxproj", "{E8871521-EA8E-4FB0-AA2E-4CE4C4287373}"
EndProject
Project("{8BC9CEB8-8B4A-11D0-8D11-00A0C91BC942}") = "06.通讯录管理系统", "06.通讯录管理系统\06.通讯录管理系统.vcxproj", "{181A0BBF-DF34-4BC3-A067-B082F78A4966}"
EndProject
Project("{8BC9CEB8-8B4A-11D0-8D11-00A0C91BC942}") = "07.内存分区模型", "07.内存分区模型\07.内存分区模型.vcxproj", "{A7E6F5CB-F70C-4EDB-B8AA-08CB221EE1C6}"
EndProject
Project("{8BC9CEB8-8B4A-11D0-8D11-00A0C91BC942}") = "08.引用", "07.引用\07.引用.vcxproj", "{0362525E-548B-4F23-98B4-06B59A7E687C}"
EndProject
Project("{8BC9CEB8-8B4A-11D0-8D11-00A0C91BC942}") = "09.函数的提高", "09.函数的提高\09.函数的提高.vcxproj", "{749C3024-E697-4C13-A7FA-714EA0D51728}"
EndProject
Project("{8BC9CEB8-8B4A-11D0-8D11-00A0C91BC942}") = "10.类和对象", "10.类和对象\10.类和对象.vcxproj", "{358C5C5E-AB80-4974-AF17-F2FEDC3635EA}"
EndProject
Project("{8BC9CEB8-8B4A-11D0-8D11-00A0C91BC942}") = "11.对象模型和this指针", "11.对象模型和this指针\11.对象模型和this指针.vcxproj", "{1E80367D-FAAF-444D-B3BD-EDC87E7E53D4}"
EndProject
Project("{8BC9CEB8-8B4A-11D0-8D11-00A0C91BC942}") = "12.运算符重载01", "12.运算符重载\12.运算符重载.vcxproj", "{EE07F980-2E44-4B1A-9BE1-E8C975621B7F}"
EndProject
Project("{8BC9CEB8-8B4A-11D0-8D11-00A0C91BC942}") = "13.运算符重载02", "13.运算符重载\13.运算符重载.vcxproj", "{42F3647D-D564-4001-8FAB-5147A814D4FF}"
EndProject
Project("{8BC9CEB8-8B4A-11D0-8D11-00A0C91BC942}") = "14.继承", "14.继承\14.继承.vcxproj", "{B909D314-7847-4381-BBB4-B2AF553A5E3E}"
EndProject
Project("{8BC9CEB8-8B4A-11D0-8D11-00A0C91BC942}") = "15.多态", "15.多态\15.多态.vcxproj", "{08322493-6062-43F1-9C60-5624798798D8}"
EndProject
Project("{8BC9CEB8-8B4A-11D0-8D11-00A0C91BC942}") = "16.文件操作", "16.文件操作\16.文件操作.vcxproj", "{A61957E2-5CE8-45FD-9B00-6F7DAFAE66AF}"
EndProject
Project("{8BC9CEB8-8B4A-11D0-8D11-00A0C91BC942}") = "17.基于多态的职工管理系统", "17.基于多态的职工管理系统\17.基于多态的职工管理系统.vcxproj", "{853DFF0E-A5F4-4BAA-A0A4-A8642996F53E}"
EndProject
Global
	GlobalSection(SolutionConfigurationPlatforms) = preSolution
		Debug|x64 = Debug|x64
		Debug|x86 = Debug|x86
		Release|x64 = Release|x64
		Release|x86 = Release|x86
	EndGlobalSection
	GlobalSection(ProjectConfigurationPlatforms) = postSolution
		{0A8B6373-862B-4FB9-A601-7FBD69B0451E}.Debug|x64.ActiveCfg = Debug|x64
		{0A8B6373-862B-4FB9-A601-7FBD69B0451E}.Debug|x64.Build.0 = Debug|x64
		{0A8B6373-862B-4FB9-A601-7FBD69B0451E}.Debug|x86.ActiveCfg = Debug|Win32
		{0A8B6373-862B-4FB9-A601-7FBD69B0451E}.Debug|x86.Build.0 = Debug|Win32
		{0A8B6373-862B-4FB9-A601-7FBD69B0451E}.Release|x64.ActiveCfg = Release|x64
		{0A8B6373-862B-4FB9-A601-7FBD69B0451E}.Release|x64.Build.0 = Release|x64
		{0A8B6373-862B-4FB9-A601-7FBD69B0451E}.Release|x86.ActiveCfg = Release|Win32
		{0A8B6373-862B-4FB9-A601-7FBD69B0451E}.Release|x86.Build.0 = Release|Win32
		{B07BB88D-15A6-4A72-9963-5533F1FB0FE4}.Debug|x64.ActiveCfg = Debug|x64
		{B07BB88D-15A6-4A72-9963-5533F1FB0FE4}.Debug|x64.Build.0 = Debug|x64
		{B07BB88D-15A6-4A72-9963-5533F1FB0FE4}.Debug|x86.ActiveCfg = Debug|Win32
		{B07BB88D-15A6-4A72-9963-5533F1FB0FE4}.Debug|x86.Build.0 = Debug|Win32
		{B07BB88D-15A6-4A72-9963-5533F1FB0FE4}.Release|x64.ActiveCfg = Release|x64
		{B07BB88D-15A6-4A72-9963-5533F1FB0FE4}.Release|x64.Build.0 = Release|x64
		{B07BB88D-15A6-4A72-9963-5533F1FB0FE4}.Release|x86.ActiveCfg = Release|Win32
		{B07BB88D-15A6-4A72-9963-5533F1FB0FE4}.Release|x86.Build.0 = Release|Win32
		{1B70A875-25F8-4C72-998F-35EDFB6F803E}.Debug|x64.ActiveCfg = Debug|x64
		{1B70A875-25F8-4C72-998F-35EDFB6F803E}.Debug|x64.Build.0 = Debug|x64
		{1B70A875-25F8-4C72-998F-35EDFB6F803E}.Debug|x86.ActiveCfg = Debug|Win32
		{1B70A875-25F8-4C72-998F-35EDFB6F803E}.Debug|x86.Build.0 = Debug|Win32
		{1B70A875-25F8-4C72-998F-35EDFB6F803E}.Release|x64.ActiveCfg = Release|x64
		{1B70A875-25F8-4C72-998F-35EDFB6F803E}.Release|x64.Build.0 = Release|x64
		{1B70A875-25F8-4C72-998F-35EDFB6F803E}.Release|x86.ActiveCfg = Release|Win32
		{1B70A875-25F8-4C72-998F-35EDFB6F803E}.Release|x86.Build.0 = Release|Win32
		{C47314E0-2D00-45C8-BD93-C0135DA63FC0}.Debug|x64.ActiveCfg = Debug|x64
		{C47314E0-2D00-45C8-BD93-C0135DA63FC0}.Debug|x64.Build.0 = Debug|x64
		{C47314E0-2D00-45C8-BD93-C0135DA63FC0}.Debug|x86.ActiveCfg = Debug|Win32
		{C47314E0-2D00-45C8-BD93-C0135DA63FC0}.Debug|x86.Build.0 = Debug|Win32
		{C47314E0-2D00-45C8-BD93-C0135DA63FC0}.Release|x64.ActiveCfg = Release|x64
		{C47314E0-2D00-45C8-BD93-C0135DA63FC0}.Release|x64.Build.0 = Release|x64
		{C47314E0-2D00-45C8-BD93-C0135DA63FC0}.Release|x86.ActiveCfg = Release|Win32
		{C47314E0-2D00-45C8-BD93-C0135DA63FC0}.Release|x86.Build.0 = Release|Win32
		{127D3EB8-E872-4EA5-9AB6-DE9554C835BB}.Debug|x64.ActiveCfg = Debug|x64
		{127D3EB8-E872-4EA5-9AB6-DE9554C835BB}.Debug|x64.Build.0 = Debug|x64
		{127D3EB8-E872-4EA5-9AB6-DE9554C835BB}.Debug|x86.ActiveCfg = Debug|Win32
		{127D3EB8-E872-4EA5-9AB6-DE9554C835BB}.Debug|x86.Build.0 = Debug|Win32
		{127D3EB8-E872-4EA5-9AB6-DE9554C835BB}.Release|x64.ActiveCfg = Release|x64
		{127D3EB8-E872-4EA5-9AB6-DE9554C835BB}.Release|x64.Build.0 = Release|x64
		{127D3EB8-E872-4EA5-9AB6-DE9554C835BB}.Release|x86.ActiveCfg = Release|Win32
		{127D3EB8-E872-4EA5-9AB6-DE9554C835BB}.Release|x86.Build.0 = Release|Win32
		{275A93B9-A567-46B0-8305-DDDBE9655C4A}.Debug|x64.ActiveCfg = Debug|x64
		{275A93B9-A567-46B0-8305-DDDBE9655C4A}.Debug|x64.Build.0 = Debug|x64
		{275A93B9-A567-46B0-8305-DDDBE9655C4A}.Debug|x86.ActiveCfg = Debug|Win32
		{275A93B9-A567-46B0-8305-DDDBE9655C4A}.Debug|x86.Build.0 = Debug|Win32
		{275A93B9-A567-46B0-8305-DDDBE9655C4A}.Release|x64.ActiveCfg = Release|x64
		{275A93B9-A567-46B0-8305-DDDBE9655C4A}.Release|x64.Build.0 = Release|x64
		{275A93B9-A567-46B0-8305-DDDBE9655C4A}.Release|x86.ActiveCfg = Release|Win32
		{275A93B9-A567-46B0-8305-DDDBE9655C4A}.Release|x86.Build.0 = Release|Win32
		{1B648BCC-D3F2-482E-949A-BF078B74C701}.Debug|x64.ActiveCfg = Debug|x64
		{1B648BCC-D3F2-482E-949A-BF078B74C701}.Debug|x64.Build.0 = Debug|x64
		{1B648BCC-D3F2-482E-949A-BF078B74C701}.Debug|x86.ActiveCfg = Debug|Win32
		{1B648BCC-D3F2-482E-949A-BF078B74C701}.Debug|x86.Build.0 = Debug|Win32
		{1B648BCC-D3F2-482E-949A-BF078B74C701}.Release|x64.ActiveCfg = Release|x64
		{1B648BCC-D3F2-482E-949A-BF078B74C701}.Release|x64.Build.0 = Release|x64
		{1B648BCC-D3F2-482E-949A-BF078B74C701}.Release|x86.ActiveCfg = Release|Win32
		{1B648BCC-D3F2-482E-949A-BF078B74C701}.Release|x86.Build.0 = Release|Win32
		{6C4B8A73-5172-4C4A-8379-40F7FDB66A76}.Debug|x64.ActiveCfg = Debug|x64
		{6C4B8A73-5172-4C4A-8379-40F7FDB66A76}.Debug|x64.Build.0 = Debug|x64
		{6C4B8A73-5172-4C4A-8379-40F7FDB66A76}.Debug|x86.ActiveCfg = Debug|Win32
		{6C4B8A73-5172-4C4A-8379-40F7FDB66A76}.Debug|x86.Build.0 = Debug|Win32
		{6C4B8A73-5172-4C4A-8379-40F7FDB66A76}.Release|x64.ActiveCfg = Release|x64
		{6C4B8A73-5172-4C4A-8379-40F7FDB66A76}.Release|x64.Build.0 = Release|x64
		{6C4B8A73-5172-4C4A-8379-40F7FDB66A76}.Release|x86.ActiveCfg = Release|Win32
		{6C4B8A73-5172-4C4A-8379-40F7FDB66A76}.Release|x86.Build.0 = Release|Win32
		{E8871521-EA8E-4FB0-AA2E-4CE4C4287373}.Debug|x64.ActiveCfg = Debug|x64
		{E8871521-EA8E-4FB0-AA2E-4CE4C4287373}.Debug|x64.Build.0 = Debug|x64
		{E8871521-EA8E-4FB0-AA2E-4CE4C4287373}.Debug|x86.ActiveCfg = Debug|Win32
		{E8871521-EA8E-4FB0-AA2E-4CE4C4287373}.Debug|x86.Build.0 = Debug|Win32
		{E8871521-EA8E-4FB0-AA2E-4CE4C4287373}.Release|x64.ActiveCfg = Release|x64
		{E8871521-EA8E-4FB0-AA2E-4CE4C4287373}.Release|x64.Build.0 = Release|x64
		{E8871521-EA8E-4FB0-AA2E-4CE4C4287373}.Release|x86.ActiveCfg = Release|Win32
		{E8871521-EA8E-4FB0-AA2E-4CE4C4287373}.Release|x86.Build.0 = Release|Win32
		{181A0BBF-DF34-4BC3-A067-B082F78A4966}.Debug|x64.ActiveCfg = Debug|x64
		{181A0BBF-DF34-4BC3-A067-B082F78A4966}.Debug|x64.Build.0 = Debug|x64
		{181A0BBF-DF34-4BC3-A067-B082F78A4966}.Debug|x86.ActiveCfg = Debug|Win32
		{181A0BBF-DF34-4BC3-A067-B082F78A4966}.Debug|x86.Build.0 = Debug|Win32
		{181A0BBF-DF34-4BC3-A067-B082F78A4966}.Release|x64.ActiveCfg = Release|x64
		{181A0BBF-DF34-4BC3-A067-B082F78A4966}.Release|x64.Build.0 = Release|x64
		{181A0BBF-DF34-4BC3-A067-B082F78A4966}.Release|x86.ActiveCfg = Release|Win32
		{181A0BBF-DF34-4BC3-A067-B082F78A4966}.Release|x86.Build.0 = Release|Win32
		{A7E6F5CB-F70C-4EDB-B8AA-08CB221EE1C6}.Debug|x64.ActiveCfg = Debug|x64
		{A7E6F5CB-F70C-4EDB-B8AA-08CB221EE1C6}.Debug|x64.Build.0 = Debug|x64
		{A7E6F5CB-F70C-4EDB-B8AA-08CB221EE1C6}.Debug|x86.ActiveCfg = Debug|Win32
		{A7E6F5CB-F70C-4EDB-B8AA-08CB221EE1C6}.Debug|x86.Build.0 = Debug|Win32
		{A7E6F5CB-F70C-4EDB-B8AA-08CB221EE1C6}.Release|x64.ActiveCfg = Release|x64
		{A7E6F5CB-F70C-4EDB-B8AA-08CB221EE1C6}.Release|x64.Build.0 = Release|x64
		{A7E6F5CB-F70C-4EDB-B8AA-08CB221EE1C6}.Release|x86.ActiveCfg = Release|Win32
		{A7E6F5CB-F70C-4EDB-B8AA-08CB221EE1C6}.Release|x86.Build.0 = Release|Win32
		{0362525E-548B-4F23-98B4-06B59A7E687C}.Debug|x64.ActiveCfg = Debug|x64
		{0362525E-548B-4F23-98B4-06B59A7E687C}.Debug|x64.Build.0 = Debug|x64
		{0362525E-548B-4F23-98B4-06B59A7E687C}.Debug|x86.ActiveCfg = Debug|Win32
		{0362525E-548B-4F23-98B4-06B59A7E687C}.Debug|x86.Build.0 = Debug|Win32
		{0362525E-548B-4F23-98B4-06B59A7E687C}.Release|x64.ActiveCfg = Release|x64
		{0362525E-548B-4F23-98B4-06B59A7E687C}.Release|x64.Build.0 = Release|x64
		{0362525E-548B-4F23-98B4-06B59A7E687C}.Release|x86.ActiveCfg = Release|Win32
		{0362525E-548B-4F23-98B4-06B59A7E687C}.Release|x86.Build.0 = Release|Win32
		{749C3024-E697-4C13-A7FA-714EA0D51728}.Debug|x64.ActiveCfg = Debug|x64
		{749C3024-E697-4C13-A7FA-714EA0D51728}.Debug|x64.Build.0 = Debug|x64
		{749C3024-E697-4C13-A7FA-714EA0D51728}.Debug|x86.ActiveCfg = Debug|Win32
		{749C3024-E697-4C13-A7FA-714EA0D51728}.Debug|x86.Build.0 = Debug|Win32
		{749C3024-E697-4C13-A7FA-714EA0D51728}.Release|x64.ActiveCfg = Release|x64
		{749C3024-E697-4C13-A7FA-714EA0D51728}.Release|x64.Build.0 = Release|x64
		{749C3024-E697-4C13-A7FA-714EA0D51728}.Release|x86.ActiveCfg = Release|Win32
		{749C3024-E697-4C13-A7FA-714EA0D51728}.Release|x86.Build.0 = Release|Win32
		{358C5C5E-AB80-4974-AF17-F2FEDC3635EA}.Debug|x64.ActiveCfg = Debug|x64
		{358C5C5E-AB80-4974-AF17-F2FEDC3635EA}.Debug|x64.Build.0 = Debug|x64
		{358C5C5E-AB80-4974-AF17-F2FEDC3635EA}.Debug|x86.ActiveCfg = Debug|Win32
		{358C5C5E-AB80-4974-AF17-F2FEDC3635EA}.Debug|x86.Build.0 = Debug|Win32
		{358C5C5E-AB80-4974-AF17-F2FEDC3635EA}.Release|x64.ActiveCfg = Release|x64
		{358C5C5E-AB80-4974-AF17-F2FEDC3635EA}.Release|x64.Build.0 = Release|x64
		{358C5C5E-AB80-4974-AF17-F2FEDC3635EA}.Release|x86.ActiveCfg = Release|Win32
		{358C5C5E-AB80-4974-AF17-F2FEDC3635EA}.Release|x86.Build.0 = Release|Win32
		{1E80367D-FAAF-444D-B3BD-EDC87E7E53D4}.Debug|x64.ActiveCfg = Debug|x64
		{1E80367D-FAAF-444D-B3BD-EDC87E7E53D4}.Debug|x64.Build.0 = Debug|x64
		{1E80367D-FAAF-444D-B3BD-EDC87E7E53D4}.Debug|x86.ActiveCfg = Debug|Win32
		{1E80367D-FAAF-444D-B3BD-EDC87E7E53D4}.Debug|x86.Build.0 = Debug|Win32
		{1E80367D-FAAF-444D-B3BD-EDC87E7E53D4}.Release|x64.ActiveCfg = Release|x64
		{1E80367D-FAAF-444D-B3BD-EDC87E7E53D4}.Release|x64.Build.0 = Release|x64
		{1E80367D-FAAF-444D-B3BD-EDC87E7E53D4}.Release|x86.ActiveCfg = Release|Win32
		{1E80367D-FAAF-444D-B3BD-EDC87E7E53D4}.Release|x86.Build.0 = Release|Win32
		{EE07F980-2E44-4B1A-9BE1-E8C975621B7F}.Debug|x64.ActiveCfg = Debug|x64
		{EE07F980-2E44-4B1A-9BE1-E8C975621B7F}.Debug|x64.Build.0 = Debug|x64
		{EE07F980-2E44-4B1A-9BE1-E8C975621B7F}.Debug|x86.ActiveCfg = Debug|Win32
		{EE07F980-2E44-4B1A-9BE1-E8C975621B7F}.Debug|x86.Build.0 = Debug|Win32
		{EE07F980-2E44-4B1A-9BE1-E8C975621B7F}.Release|x64.ActiveCfg = Release|x64
		{EE07F980-2E44-4B1A-9BE1-E8C975621B7F}.Release|x64.Build.0 = Release|x64
		{EE07F980-2E44-4B1A-9BE1-E8C975621B7F}.Release|x86.ActiveCfg = Release|Win32
		{EE07F980-2E44-4B1A-9BE1-E8C975621B7F}.Release|x86.Build.0 = Release|Win32
		{42F3647D-D564-4001-8FAB-5147A814D4FF}.Debug|x64.ActiveCfg = Debug|x64
		{42F3647D-D564-4001-8FAB-5147A814D4FF}.Debug|x64.Build.0 = Debug|x64
		{42F3647D-D564-4001-8FAB-5147A814D4FF}.Debug|x86.ActiveCfg = Debug|Win32
		{42F3647D-D564-4001-8FAB-5147A814D4FF}.Debug|x86.Build.0 = Debug|Win32
		{42F3647D-D564-4001-8FAB-5147A814D4FF}.Release|x64.ActiveCfg = Release|x64
		{42F3647D-D564-4001-8FAB-5147A814D4FF}.Release|x64.Build.0 = Release|x64
		{42F3647D-D564-4001-8FAB-5147A814D4FF}.Release|x86.ActiveCfg = Release|Win32
		{42F3647D-D564-4001-8FAB-5147A814D4FF}.Release|x86.Build.0 = Release|Win32
		{B909D314-7847-4381-BBB4-B2AF553A5E3E}.Debug|x64.ActiveCfg = Debug|x64
		{B909D314-7847-4381-BBB4-B2AF553A5E3E}.Debug|x64.Build.0 = Debug|x64
		{B909D314-7847-4381-BBB4-B2AF553A5E3E}.Debug|x86.ActiveCfg = Debug|Win32
		{B909D314-7847-4381-BBB4-B2AF553A5E3E}.Debug|x86.Build.0 = Debug|Win32
		{B909D314-7847-4381-BBB4-B2AF553A5E3E}.Release|x64.ActiveCfg = Release|x64
		{B909D314-7847-4381-BBB4-B2AF553A5E3E}.Release|x64.Build.0 = Release|x64
		{B909D314-7847-4381-BBB4-B2AF553A5E3E}.Release|x86.ActiveCfg = Release|Win32
		{B909D314-7847-4381-BBB4-B2AF553A5E3E}.Release|x86.Build.0 = Release|Win32
		{08322493-6062-43F1-9C60-5624798798D8}.Debug|x64.ActiveCfg = Debug|x64
		{08322493-6062-43F1-9C60-5624798798D8}.Debug|x64.Build.0 = Debug|x64
		{08322493-6062-43F1-9C60-5624798798D8}.Debug|x86.ActiveCfg = Debug|Win32
		{08322493-6062-43F1-9C60-5624798798D8}.Debug|x86.Build.0 = Debug|Win32
		{08322493-6062-43F1-9C60-5624798798D8}.Release|x64.ActiveCfg = Release|x64
		{08322493-6062-43F1-9C60-5624798798D8}.Release|x64.Build.0 = Release|x64
		{08322493-6062-43F1-9C60-5624798798D8}.Release|x86.ActiveCfg = Release|Win32
		{08322493-6062-43F1-9C60-5624798798D8}.Release|x86.Build.0 = Release|Win32
		{A61957E2-5CE8-45FD-9B00-6F7DAFAE66AF}.Debug|x64.ActiveCfg = Debug|x64
		{A61957E2-5CE8-45FD-9B00-6F7DAFAE66AF}.Debug|x64.Build.0 = Debug|x64
		{A61957E2-5CE8-45FD-9B00-6F7DAFAE66AF}.Debug|x86.ActiveCfg = Debug|Win32
		{A61957E2-5CE8-45FD-9B00-6F7DAFAE66AF}.Debug|x86.Build.0 = Debug|Win32
		{A61957E2-5CE8-45FD-9B00-6F7DAFAE66AF}.Release|x64.ActiveCfg = Release|x64
		{A61957E2-5CE8-45FD-9B00-6F7DAFAE66AF}.Release|x64.Build.0 = Release|x64
		{A61957E2-5CE8-45FD-9B00-6F7DAFAE66AF}.Release|x86.ActiveCfg = Release|Win32
		{A61957E2-5CE8-45FD-9B00-6F7DAFAE66AF}.Release|x86.Build.0 = Release|Win32
		{853DFF0E-A5F4-4BAA-A0A4-A8642996F53E}.Debug|x64.ActiveCfg = Debug|x64
		{853DFF0E-A5F4-4BAA-A0A4-A8642996F53E}.Debug|x64.Build.0 = Debug|x64
		{853DFF0E-A5F4-4BAA-A0A4-A8642996F53E}.Debug|x86.ActiveCfg = Debug|Win32
		{853DFF0E-A5F4-4BAA-A0A4-A8642996F53E}.Debug|x86.Build.0 = Debug|Win32
		{853DFF0E-A5F4-4BAA-A0A4-A8642996F53E}.Release|x64.ActiveCfg = Release|x64
		{853DFF0E-A5F4-4BAA-A0A4-A8642996F53E}.Release|x64.Build.0 = Release|x64
		{853DFF0E-A5F4-4BAA-A0A4-A8642996F53E}.Release|x86.ActiveCfg = Release|Win32
		{853DFF0E-A5F4-4BAA-A0A4-A8642996F53E}.Release|x86.Build.0 = Release|Win32
	EndGlobalSection
	GlobalSection(SolutionProperties) = preSolution
		HideSolutionNode = FALSE
	EndGlobalSection
	GlobalSection(ExtensibilityGlobals) = postSolution
		SolutionGuid = {CF21FE92-53AA-4590-B1D9-994F40E85D85}
	EndGlobalSection
EndGlobal
